### YamlMime:ManagedReference
items:
- uid: OpenQA.Selenium.Support.UI.SystemClock
  commentId: T:OpenQA.Selenium.Support.UI.SystemClock
  id: SystemClock
  parent: OpenQA.Selenium.Support.UI
  children:
  - OpenQA.Selenium.Support.UI.SystemClock.Instance
  - OpenQA.Selenium.Support.UI.SystemClock.IsNowBefore(System.DateTime)
  - OpenQA.Selenium.Support.UI.SystemClock.LaterBy(System.TimeSpan)
  - OpenQA.Selenium.Support.UI.SystemClock.Now
  langs:
  - csharp
  - vb
  name: SystemClock
  nameWithType: SystemClock
  fullName: OpenQA.Selenium.Support.UI.SystemClock
  type: Class
  source:
    remote:
      path: dotnet/src/webdriver/Support/SystemClock.cs
      branch: trunk
      repo: https://github.com/SeleniumHQ/selenium
    id: SystemClock
    path: ../src/webdriver/Support/SystemClock.cs
    startLine: 26
  assemblies:
  - WebDriver
  namespace: OpenQA.Selenium.Support.UI
  summary: Uses the system clock to calculate time for timeouts.
  example: []
  syntax:
    content: 'public class SystemClock : IClock'
    content.vb: Public Class SystemClock Implements IClock
  inheritance:
  - System.Object
  implements:
  - OpenQA.Selenium.Support.UI.IClock
  inheritedMembers:
  - System.Object.Equals(System.Object)
  - System.Object.Equals(System.Object,System.Object)
  - System.Object.GetHashCode
  - System.Object.GetType
  - System.Object.MemberwiseClone
  - System.Object.ReferenceEquals(System.Object,System.Object)
  - System.Object.ToString
- uid: OpenQA.Selenium.Support.UI.SystemClock.Instance
  commentId: P:OpenQA.Selenium.Support.UI.SystemClock.Instance
  id: Instance
  parent: OpenQA.Selenium.Support.UI.SystemClock
  langs:
  - csharp
  - vb
  name: Instance
  nameWithType: SystemClock.Instance
  fullName: OpenQA.Selenium.Support.UI.SystemClock.Instance
  type: Property
  source:
    remote:
      path: dotnet/src/webdriver/Support/SystemClock.cs
      branch: trunk
      repo: https://github.com/SeleniumHQ/selenium
    id: Instance
    path: ../src/webdriver/Support/SystemClock.cs
    startLine: 31
  assemblies:
  - WebDriver
  namespace: OpenQA.Selenium.Support.UI
  summary: An instance of the <xref href="OpenQA.Selenium.Support.UI.SystemClock" data-throw-if-not-resolved="false"></xref> type.
  example: []
  syntax:
    content: public static SystemClock Instance { get; }
    parameters: []
    return:
      type: OpenQA.Selenium.Support.UI.SystemClock
    content.vb: Public Shared ReadOnly Property Instance As SystemClock
  overload: OpenQA.Selenium.Support.UI.SystemClock.Instance*
- uid: OpenQA.Selenium.Support.UI.SystemClock.Now
  commentId: P:OpenQA.Selenium.Support.UI.SystemClock.Now
  id: Now
  parent: OpenQA.Selenium.Support.UI.SystemClock
  langs:
  - csharp
  - vb
  name: Now
  nameWithType: SystemClock.Now
  fullName: OpenQA.Selenium.Support.UI.SystemClock.Now
  type: Property
  source:
    remote:
      path: dotnet/src/webdriver/Support/SystemClock.cs
      branch: trunk
      repo: https://github.com/SeleniumHQ/selenium
    id: Now
    path: ../src/webdriver/Support/SystemClock.cs
    startLine: 36
  assemblies:
  - WebDriver
  namespace: OpenQA.Selenium.Support.UI
  summary: Gets the current date and time values.
  example: []
  syntax:
    content: public DateTime Now { get; }
    parameters: []
    return:
      type: System.DateTime
    content.vb: Public ReadOnly Property Now As Date
  overload: OpenQA.Selenium.Support.UI.SystemClock.Now*
  implements:
  - OpenQA.Selenium.Support.UI.IClock.Now
- uid: OpenQA.Selenium.Support.UI.SystemClock.LaterBy(System.TimeSpan)
  commentId: M:OpenQA.Selenium.Support.UI.SystemClock.LaterBy(System.TimeSpan)
  id: LaterBy(System.TimeSpan)
  parent: OpenQA.Selenium.Support.UI.SystemClock
  langs:
  - csharp
  - vb
  name: LaterBy(TimeSpan)
  nameWithType: SystemClock.LaterBy(TimeSpan)
  fullName: OpenQA.Selenium.Support.UI.SystemClock.LaterBy(System.TimeSpan)
  type: Method
  source:
    remote:
      path: dotnet/src/webdriver/Support/SystemClock.cs
      branch: trunk
      repo: https://github.com/SeleniumHQ/selenium
    id: LaterBy
    path: ../src/webdriver/Support/SystemClock.cs
    startLine: 43
  assemblies:
  - WebDriver
  namespace: OpenQA.Selenium.Support.UI
  summary: Calculates the date and time values after a specific delay.
  example: []
  syntax:
    content: public DateTime LaterBy(TimeSpan delay)
    parameters:
    - id: delay
      type: System.TimeSpan
      description: The delay after to calculate.
    return:
      type: System.DateTime
      description: The future date and time values.
    content.vb: Public Function LaterBy(delay As TimeSpan) As Date
  overload: OpenQA.Selenium.Support.UI.SystemClock.LaterBy*
  implements:
  - OpenQA.Selenium.Support.UI.IClock.LaterBy(System.TimeSpan)
- uid: OpenQA.Selenium.Support.UI.SystemClock.IsNowBefore(System.DateTime)
  commentId: M:OpenQA.Selenium.Support.UI.SystemClock.IsNowBefore(System.DateTime)
  id: IsNowBefore(System.DateTime)
  parent: OpenQA.Selenium.Support.UI.SystemClock
  langs:
  - csharp
  - vb
  name: IsNowBefore(DateTime)
  nameWithType: SystemClock.IsNowBefore(DateTime)
  fullName: OpenQA.Selenium.Support.UI.SystemClock.IsNowBefore(System.DateTime)
  type: Method
  source:
    remote:
      path: dotnet/src/webdriver/Support/SystemClock.cs
      branch: trunk
      repo: https://github.com/SeleniumHQ/selenium
    id: IsNowBefore
    path: ../src/webdriver/Support/SystemClock.cs
    startLine: 50
  assemblies:
  - WebDriver
  namespace: OpenQA.Selenium.Support.UI
  summary: Gets a value indicating whether the current date and time is before the specified date and time.
  example: []
  syntax:
    content: public bool IsNowBefore(DateTime otherDateTime)
    parameters:
    - id: otherDateTime
      type: System.DateTime
      description: The date and time values to compare the current date and time values to.
    return:
      type: System.Boolean
      description: <a href="https://learn.microsoft.com/dotnet/csharp/language-reference/builtin-types/bool">true</a> if the current date and time is before the specified date and time; otherwise, <a href="https://learn.microsoft.com/dotnet/csharp/language-reference/builtin-types/bool">false</a>.
    content.vb: Public Function IsNowBefore(otherDateTime As Date) As Boolean
  overload: OpenQA.Selenium.Support.UI.SystemClock.IsNowBefore*
  implements:
  - OpenQA.Selenium.Support.UI.IClock.IsNowBefore(System.DateTime)
  nameWithType.vb: SystemClock.IsNowBefore(Date)
  fullName.vb: OpenQA.Selenium.Support.UI.SystemClock.IsNowBefore(Date)
  name.vb: IsNowBefore(Date)
references:
- uid: OpenQA.Selenium.Support.UI
  commentId: N:OpenQA.Selenium.Support.UI
  href: OpenQA.html
  name: OpenQA.Selenium.Support.UI
  nameWithType: OpenQA.Selenium.Support.UI
  fullName: OpenQA.Selenium.Support.UI
  spec.csharp:
  - uid: OpenQA
    name: OpenQA
    href: OpenQA.html
  - name: .
  - uid: OpenQA.Selenium
    name: Selenium
    href: OpenQA.Selenium.html
  - name: .
  - uid: OpenQA.Selenium.Support
    name: Support
    href: OpenQA.Selenium.Support.html
  - name: .
  - uid: OpenQA.Selenium.Support.UI
    name: UI
    href: OpenQA.Selenium.Support.UI.html
  spec.vb:
  - uid: OpenQA
    name: OpenQA
    href: OpenQA.html
  - name: .
  - uid: OpenQA.Selenium
    name: Selenium
    href: OpenQA.Selenium.html
  - name: .
  - uid: OpenQA.Selenium.Support
    name: Support
    href: OpenQA.Selenium.Support.html
  - name: .
  - uid: OpenQA.Selenium.Support.UI
    name: UI
    href: OpenQA.Selenium.Support.UI.html
- uid: System.Object
  commentId: T:System.Object
  parent: System
  isExternal: true
  href: https://learn.microsoft.com/dotnet/api/system.object
  name: object
  nameWithType: object
  fullName: object
  nameWithType.vb: Object
  fullName.vb: Object
  name.vb: Object
- uid: OpenQA.Selenium.Support.UI.IClock
  commentId: T:OpenQA.Selenium.Support.UI.IClock
  parent: OpenQA.Selenium.Support.UI
  href: OpenQA.Selenium.Support.UI.IClock.html
  name: IClock
  nameWithType: IClock
  fullName: OpenQA.Selenium.Support.UI.IClock
- uid: System.Object.Equals(System.Object)
  commentId: M:System.Object.Equals(System.Object)
  parent: System.Object
  isExternal: true
  href: https://learn.microsoft.com/dotnet/api/system.object.equals#system-object-equals(system-object)
  name: Equals(object)
  nameWithType: object.Equals(object)
  fullName: object.Equals(object)
  nameWithType.vb: Object.Equals(Object)
  fullName.vb: Object.Equals(Object)
  name.vb: Equals(Object)
  spec.csharp:
  - uid: System.Object.Equals(System.Object)
    name: Equals
    isExternal: true
    href: https://learn.microsoft.com/dotnet/api/system.object.equals#system-object-equals(system-object)
  - name: (
  - uid: System.Object
    name: object
    isExternal: true
    href: https://learn.microsoft.com/dotnet/api/system.object
  - name: )
  spec.vb:
  - uid: System.Object.Equals(System.Object)
    name: Equals
    isExternal: true
    href: https://learn.microsoft.com/dotnet/api/system.object.equals#system-object-equals(system-object)
  - name: (
  - uid: System.Object
    name: Object
    isExternal: true
    href: https://learn.microsoft.com/dotnet/api/system.object
  - name: )
- uid: System.Object.Equals(System.Object,System.Object)
  commentId: M:System.Object.Equals(System.Object,System.Object)
  parent: System.Object
  isExternal: true
  href: https://learn.microsoft.com/dotnet/api/system.object.equals#system-object-equals(system-object-system-object)
  name: Equals(object, object)
  nameWithType: object.Equals(object, object)
  fullName: object.Equals(object, object)
  nameWithType.vb: Object.Equals(Object, Object)
  fullName.vb: Object.Equals(Object, Object)
  name.vb: Equals(Object, Object)
  spec.csharp:
  - uid: System.Object.Equals(System.Object,System.Object)
    name: Equals
    isExternal: true
    href: https://learn.microsoft.com/dotnet/api/system.object.equals#system-object-equals(system-object-system-object)
  - name: (
  - uid: System.Object
    name: object
    isExternal: true
    href: https://learn.microsoft.com/dotnet/api/system.object
  - name: ','
  - name: " "
  - uid: System.Object
    name: object
    isExternal: true
    href: https://learn.microsoft.com/dotnet/api/system.object
  - name: )
  spec.vb:
  - uid: System.Object.Equals(System.Object,System.Object)
    name: Equals
    isExternal: true
    href: https://learn.microsoft.com/dotnet/api/system.object.equals#system-object-equals(system-object-system-object)
  - name: (
  - uid: System.Object
    name: Object
    isExternal: true
    href: https://learn.microsoft.com/dotnet/api/system.object
  - name: ','
  - name: " "
  - uid: System.Object
    name: Object
    isExternal: true
    href: https://learn.microsoft.com/dotnet/api/system.object
  - name: )
- uid: System.Object.GetHashCode
  commentId: M:System.Object.GetHashCode
  parent: System.Object
  isExternal: true
  href: https://learn.microsoft.com/dotnet/api/system.object.gethashcode
  name: GetHashCode()
  nameWithType: object.GetHashCode()
  fullName: object.GetHashCode()
  nameWithType.vb: Object.GetHashCode()
  fullName.vb: Object.GetHashCode()
  spec.csharp:
  - uid: System.Object.GetHashCode
    name: GetHashCode
    isExternal: true
    href: https://learn.microsoft.com/dotnet/api/system.object.gethashcode
  - name: (
  - name: )
  spec.vb:
  - uid: System.Object.GetHashCode
    name: GetHashCode
    isExternal: true
    href: https://learn.microsoft.com/dotnet/api/system.object.gethashcode
  - name: (
  - name: )
- uid: System.Object.GetType
  commentId: M:System.Object.GetType
  parent: System.Object
  isExternal: true
  href: https://learn.microsoft.com/dotnet/api/system.object.gettype
  name: GetType()
  nameWithType: object.GetType()
  fullName: object.GetType()
  nameWithType.vb: Object.GetType()
  fullName.vb: Object.GetType()
  spec.csharp:
  - uid: System.Object.GetType
    name: GetType
    isExternal: true
    href: https://learn.microsoft.com/dotnet/api/system.object.gettype
  - name: (
  - name: )
  spec.vb:
  - uid: System.Object.GetType
    name: GetType
    isExternal: true
    href: https://learn.microsoft.com/dotnet/api/system.object.gettype
  - name: (
  - name: )
- uid: System.Object.MemberwiseClone
  commentId: M:System.Object.MemberwiseClone
  parent: System.Object
  isExternal: true
  href: https://learn.microsoft.com/dotnet/api/system.object.memberwiseclone
  name: MemberwiseClone()
  nameWithType: object.MemberwiseClone()
  fullName: object.MemberwiseClone()
  nameWithType.vb: Object.MemberwiseClone()
  fullName.vb: Object.MemberwiseClone()
  spec.csharp:
  - uid: System.Object.MemberwiseClone
    name: MemberwiseClone
    isExternal: true
    href: https://learn.microsoft.com/dotnet/api/system.object.memberwiseclone
  - name: (
  - name: )
  spec.vb:
  - uid: System.Object.MemberwiseClone
    name: MemberwiseClone
    isExternal: true
    href: https://learn.microsoft.com/dotnet/api/system.object.memberwiseclone
  - name: (
  - name: )
- uid: System.Object.ReferenceEquals(System.Object,System.Object)
  commentId: M:System.Object.ReferenceEquals(System.Object,System.Object)
  parent: System.Object
  isExternal: true
  href: https://learn.microsoft.com/dotnet/api/system.object.referenceequals
  name: ReferenceEquals(object, object)
  nameWithType: object.ReferenceEquals(object, object)
  fullName: object.ReferenceEquals(object, object)
  nameWithType.vb: Object.ReferenceEquals(Object, Object)
  fullName.vb: Object.ReferenceEquals(Object, Object)
  name.vb: ReferenceEquals(Object, Object)
  spec.csharp:
  - uid: System.Object.ReferenceEquals(System.Object,System.Object)
    name: ReferenceEquals
    isExternal: true
    href: https://learn.microsoft.com/dotnet/api/system.object.referenceequals
  - name: (
  - uid: System.Object
    name: object
    isExternal: true
    href: https://learn.microsoft.com/dotnet/api/system.object
  - name: ','
  - name: " "
  - uid: System.Object
    name: object
    isExternal: true
    href: https://learn.microsoft.com/dotnet/api/system.object
  - name: )
  spec.vb:
  - uid: System.Object.ReferenceEquals(System.Object,System.Object)
    name: ReferenceEquals
    isExternal: true
    href: https://learn.microsoft.com/dotnet/api/system.object.referenceequals
  - name: (
  - uid: System.Object
    name: Object
    isExternal: true
    href: https://learn.microsoft.com/dotnet/api/system.object
  - name: ','
  - name: " "
  - uid: System.Object
    name: Object
    isExternal: true
    href: https://learn.microsoft.com/dotnet/api/system.object
  - name: )
- uid: System.Object.ToString
  commentId: M:System.Object.ToString
  parent: System.Object
  isExternal: true
  href: https://learn.microsoft.com/dotnet/api/system.object.tostring
  name: ToString()
  nameWithType: object.ToString()
  fullName: object.ToString()
  nameWithType.vb: Object.ToString()
  fullName.vb: Object.ToString()
  spec.csharp:
  - uid: System.Object.ToString
    name: ToString
    isExternal: true
    href: https://learn.microsoft.com/dotnet/api/system.object.tostring
  - name: (
  - name: )
  spec.vb:
  - uid: System.Object.ToString
    name: ToString
    isExternal: true
    href: https://learn.microsoft.com/dotnet/api/system.object.tostring
  - name: (
  - name: )
- uid: System
  commentId: N:System
  isExternal: true
  href: https://learn.microsoft.com/dotnet/api/system
  name: System
  nameWithType: System
  fullName: System
- uid: OpenQA.Selenium.Support.UI.SystemClock
  commentId: T:OpenQA.Selenium.Support.UI.SystemClock
  parent: OpenQA.Selenium.Support.UI
  href: OpenQA.Selenium.Support.UI.SystemClock.html
  name: SystemClock
  nameWithType: SystemClock
  fullName: OpenQA.Selenium.Support.UI.SystemClock
- uid: OpenQA.Selenium.Support.UI.SystemClock.Instance*
  commentId: Overload:OpenQA.Selenium.Support.UI.SystemClock.Instance
  href: OpenQA.Selenium.Support.UI.SystemClock.html#OpenQA_Selenium_Support_UI_SystemClock_Instance
  name: Instance
  nameWithType: SystemClock.Instance
  fullName: OpenQA.Selenium.Support.UI.SystemClock.Instance
- uid: OpenQA.Selenium.Support.UI.SystemClock.Now*
  commentId: Overload:OpenQA.Selenium.Support.UI.SystemClock.Now
  href: OpenQA.Selenium.Support.UI.SystemClock.html#OpenQA_Selenium_Support_UI_SystemClock_Now
  name: Now
  nameWithType: SystemClock.Now
  fullName: OpenQA.Selenium.Support.UI.SystemClock.Now
- uid: OpenQA.Selenium.Support.UI.IClock.Now
  commentId: P:OpenQA.Selenium.Support.UI.IClock.Now
  parent: OpenQA.Selenium.Support.UI.IClock
  href: OpenQA.Selenium.Support.UI.IClock.html#OpenQA_Selenium_Support_UI_IClock_Now
  name: Now
  nameWithType: IClock.Now
  fullName: OpenQA.Selenium.Support.UI.IClock.Now
- uid: System.DateTime
  commentId: T:System.DateTime
  parent: System
  isExternal: true
  href: https://learn.microsoft.com/dotnet/api/system.datetime
  name: DateTime
  nameWithType: DateTime
  fullName: System.DateTime
  nameWithType.vb: Date
  fullName.vb: Date
  name.vb: Date
- uid: OpenQA.Selenium.Support.UI.SystemClock.LaterBy*
  commentId: Overload:OpenQA.Selenium.Support.UI.SystemClock.LaterBy
  href: OpenQA.Selenium.Support.UI.SystemClock.html#OpenQA_Selenium_Support_UI_SystemClock_LaterBy_System_TimeSpan_
  name: LaterBy
  nameWithType: SystemClock.LaterBy
  fullName: OpenQA.Selenium.Support.UI.SystemClock.LaterBy
- uid: OpenQA.Selenium.Support.UI.IClock.LaterBy(System.TimeSpan)
  commentId: M:OpenQA.Selenium.Support.UI.IClock.LaterBy(System.TimeSpan)
  parent: OpenQA.Selenium.Support.UI.IClock
  isExternal: true
  href: OpenQA.Selenium.Support.UI.IClock.html#OpenQA_Selenium_Support_UI_IClock_LaterBy_System_TimeSpan_
  name: LaterBy(TimeSpan)
  nameWithType: IClock.LaterBy(TimeSpan)
  fullName: OpenQA.Selenium.Support.UI.IClock.LaterBy(System.TimeSpan)
  spec.csharp:
  - uid: OpenQA.Selenium.Support.UI.IClock.LaterBy(System.TimeSpan)
    name: LaterBy
    href: OpenQA.Selenium.Support.UI.IClock.html#OpenQA_Selenium_Support_UI_IClock_LaterBy_System_TimeSpan_
  - name: (
  - uid: System.TimeSpan
    name: TimeSpan
    isExternal: true
    href: https://learn.microsoft.com/dotnet/api/system.timespan
  - name: )
  spec.vb:
  - uid: OpenQA.Selenium.Support.UI.IClock.LaterBy(System.TimeSpan)
    name: LaterBy
    href: OpenQA.Selenium.Support.UI.IClock.html#OpenQA_Selenium_Support_UI_IClock_LaterBy_System_TimeSpan_
  - name: (
  - uid: System.TimeSpan
    name: TimeSpan
    isExternal: true
    href: https://learn.microsoft.com/dotnet/api/system.timespan
  - name: )
- uid: System.TimeSpan
  commentId: T:System.TimeSpan
  parent: System
  isExternal: true
  href: https://learn.microsoft.com/dotnet/api/system.timespan
  name: TimeSpan
  nameWithType: TimeSpan
  fullName: System.TimeSpan
- uid: OpenQA.Selenium.Support.UI.SystemClock.IsNowBefore*
  commentId: Overload:OpenQA.Selenium.Support.UI.SystemClock.IsNowBefore
  href: OpenQA.Selenium.Support.UI.SystemClock.html#OpenQA_Selenium_Support_UI_SystemClock_IsNowBefore_System_DateTime_
  name: IsNowBefore
  nameWithType: SystemClock.IsNowBefore
  fullName: OpenQA.Selenium.Support.UI.SystemClock.IsNowBefore
- uid: OpenQA.Selenium.Support.UI.IClock.IsNowBefore(System.DateTime)
  commentId: M:OpenQA.Selenium.Support.UI.IClock.IsNowBefore(System.DateTime)
  parent: OpenQA.Selenium.Support.UI.IClock
  isExternal: true
  href: OpenQA.Selenium.Support.UI.IClock.html#OpenQA_Selenium_Support_UI_IClock_IsNowBefore_System_DateTime_
  name: IsNowBefore(DateTime)
  nameWithType: IClock.IsNowBefore(DateTime)
  fullName: OpenQA.Selenium.Support.UI.IClock.IsNowBefore(System.DateTime)
  nameWithType.vb: IClock.IsNowBefore(Date)
  fullName.vb: OpenQA.Selenium.Support.UI.IClock.IsNowBefore(Date)
  name.vb: IsNowBefore(Date)
  spec.csharp:
  - uid: OpenQA.Selenium.Support.UI.IClock.IsNowBefore(System.DateTime)
    name: IsNowBefore
    href: OpenQA.Selenium.Support.UI.IClock.html#OpenQA_Selenium_Support_UI_IClock_IsNowBefore_System_DateTime_
  - name: (
  - uid: System.DateTime
    name: DateTime
    isExternal: true
    href: https://learn.microsoft.com/dotnet/api/system.datetime
  - name: )
  spec.vb:
  - uid: OpenQA.Selenium.Support.UI.IClock.IsNowBefore(System.DateTime)
    name: IsNowBefore
    href: OpenQA.Selenium.Support.UI.IClock.html#OpenQA_Selenium_Support_UI_IClock_IsNowBefore_System_DateTime_
  - name: (
  - uid: System.DateTime
    name: Date
    isExternal: true
    href: https://learn.microsoft.com/dotnet/api/system.datetime
  - name: )
- uid: System.Boolean
  commentId: T:System.Boolean
  parent: System
  isExternal: true
  href: https://learn.microsoft.com/dotnet/api/system.boolean
  name: bool
  nameWithType: bool
  fullName: bool
  nameWithType.vb: Boolean
  fullName.vb: Boolean
  name.vb: Boolean
